
Microsoft Visual Studio Solution File, Format Version 12.00
# Visual Studio Version 17
VisualStudioVersion = 17.12.35707.178 d17.12
MinimumVisualStudioVersion = 10.0.40219.1
Project("{FAE04EC0-301F-11D3-BF4B-00C04F79EFBC}") = "WebApplication1", "WebApplication1\WebApplication1.csproj", "{230F9AE6-C03F-425D-B224-4ACA82D69741}"
EndProject
Project("{FAE04EC0-301F-11D3-BF4B-00C04F79EFBC}") = "WebApplication2", "WebApplication2\WebApplication2.csproj", "{27764FFA-7EC6-4613-B083-6FCA119C9774}"
EndProject
Global
	GlobalSection(SolutionConfigurationPlatforms) = preSolution
		Debug|Any CPU = Debug|Any CPU
		Release|Any CPU = Release|Any CPU
	EndGlobalSection
	GlobalSection(ProjectConfigurationPlatforms) = postSolution
		{230F9AE6-C03F-425D-B224-4ACA82D69741}.Debug|Any CPU.ActiveCfg = Debug|Any CPU
		{230F9AE6-C03F-425D-B224-4ACA82D69741}.Debug|Any CPU.Build.0 = Debug|Any CPU
		{230F9AE6-C03F-425D-B224-4ACA82D69741}.Release|Any CPU.ActiveCfg = Release|Any CPU
		{230F9AE6-C03F-425D-B224-4ACA82D69741}.Release|Any CPU.Build.0 = Release|Any CPU
		{27764FFA-7EC6-4613-B083-6FCA119C9774}.Debug|Any CPU.ActiveCfg = Debug|Any CPU
		{27764FFA-7EC6-4613-B083-6FCA119C9774}.Debug|Any CPU.Build.0 = Debug|Any CPU
		{27764FFA-7EC6-4613-B083-6FCA119C9774}.Release|Any CPU.ActiveCfg = Release|Any CPU
		{27764FFA-7EC6-4613-B083-6FCA119C9774}.Release|Any CPU.Build.0 = Release|Any CPU
	EndGlobalSection
	GlobalSection(SolutionProperties) = preSolution
		HideSolutionNode = FALSE
	EndGlobalSection
EndGlobal
